
Microsoft Visual Studio Solution File, Format Version 12.00
# Visual Studio Version 17
VisualStudioVersion = 17.6.33829.357
MinimumVisualStudioVersion = 10.0.40219.1
Project("{FAE04EC0-301F-11D3-BF4B-00C04F79EFBC}") = "AutoComplete.API", "AutoComplete.API\AutoComplete.API.csproj", "{E5BB9708-2932-435E-A33A-8EBB933D236B}"
EndProject
Global
	GlobalSection(SolutionConfigurationPlatforms) = preSolution
		Debug|Any CPU = Debug|Any CPU
		Release|Any CPU = Release|Any CPU
	EndGlobalSection
	GlobalSection(ProjectConfigurationPlatforms) = postSolution
		{E5BB9708-2932-435E-A33A-8EBB933D236B}.Debug|Any CPU.ActiveCfg = Debug|Any CPU
		{E5BB9708-2932-435E-A33A-8EBB933D236B}.Debug|Any CPU.Build.0 = Debug|Any CPU
		{E5BB9708-2932-435E-A33A-8EBB933D236B}.Release|Any CPU.ActiveCfg = Release|Any CPU
		{E5BB9708-2932-435E-A33A-8EBB933D236B}.Release|Any CPU.Build.0 = Release|Any CPU
	EndGlobalSection
	GlobalSection(SolutionProperties) = preSolution
		HideSolutionNode = FALSE
	EndGlobalSection
	GlobalSection(ExtensibilityGlobals) = postSolution
		SolutionGuid = {41524492-E44C-4FA2-AAD5-9B5A3158112E}
	EndGlobalSection
EndGlobal
